
Microsoft Visual Studio Solution File, Format Version 11.00
# Visual Studio 2010
Project("{FAE04EC0-301F-11D3-BF4B-00C04F79EFBC}") = "NewsReminder", "NewsAlarm2\NewsReminder.csproj", "{FF050703-3CEC-4159-9D90-BD7ADD1212C5}"
EndProject
Project("{FAE04EC0-301F-11D3-BF4B-00C04F79EFBC}") = "MyAudioPlaybackAgent", "MyAudioPlaybackAgent\MyAudioPlaybackAgent.csproj", "{2271E657-539C-43AF-9BBB-D8E2B93E62DB}"
EndProject
Global
	GlobalSection(SolutionConfigurationPlatforms) = preSolution
		Debug|Any CPU = Debug|Any CPU
		Release|Any CPU = Release|Any CPU
	EndGlobalSection
	GlobalSection(ProjectConfigurationPlatforms) = postSolution
		{FF050703-3CEC-4159-9D90-BD7ADD1212C5}.Debug|Any CPU.ActiveCfg = Debug|Any CPU
		{FF050703-3CEC-4159-9D90-BD7ADD1212C5}.Debug|Any CPU.Build.0 = Debug|Any CPU
		{FF050703-3CEC-4159-9D90-BD7ADD1212C5}.Debug|Any CPU.Deploy.0 = Debug|Any CPU
		{FF050703-3CEC-4159-9D90-BD7ADD1212C5}.Release|Any CPU.ActiveCfg = Release|Any CPU
		{FF050703-3CEC-4159-9D90-BD7ADD1212C5}.Release|Any CPU.Build.0 = Release|Any CPU
		{FF050703-3CEC-4159-9D90-BD7ADD1212C5}.Release|Any CPU.Deploy.0 = Release|Any CPU
		{2271E657-539C-43AF-9BBB-D8E2B93E62DB}.Debug|Any CPU.ActiveCfg = Debug|Any CPU
		{2271E657-539C-43AF-9BBB-D8E2B93E62DB}.Debug|Any CPU.Build.0 = Debug|Any CPU
		{2271E657-539C-43AF-9BBB-D8E2B93E62DB}.Release|Any CPU.ActiveCfg = Release|Any CPU
		{2271E657-539C-43AF-9BBB-D8E2B93E62DB}.Release|Any CPU.Build.0 = Release|Any CPU
	EndGlobalSection
	GlobalSection(SolutionProperties) = preSolution
		HideSolutionNode = FALSE
	EndGlobalSection
EndGlobal
